
Microsoft Visual Studio Solution File, Format Version 12.00
# Visual Studio Version 17
Project("{FAE04EC0-301F-11D3-BF4B-00C04F79EFBC}") = "MauiSample", "MauiSample.csproj", "{9C2E4B71-0A28-4F08-9624-8286AC8B90D5}"
EndProject
Global
	GlobalSection(SolutionConfigurationPlatforms) = preSolution
		Debug|Any CPU = Debug|Any CPU
		Release|Any CPU = Release|Any CPU
	EndGlobalSection
	GlobalSection(ProjectConfigurationPlatforms) = postSolution
		{9C2E4B71-0A28-4F08-9624-8286AC8B90D5}.Debug|Any CPU.ActiveCfg = Debug|Any CPU
		{9C2E4B71-0A28-4F08-9624-8286AC8B90D5}.Debug|Any CPU.Build.0 = Debug|Any CPU
		{9C2E4B71-0A28-4F08-9624-8286AC8B90D5}.Release|Any CPU.ActiveCfg = Release|Any CPU
		{9C2E4B71-0A28-4F08-9624-8286AC8B90D5}.Release|Any CPU.Build.0 = Release|Any CPU
	EndGlobalSection
EndGlobal
